# THIS IS AN AUTOGENERATED FILE. DO NOT EDIT THIS FILE DIRECTLY.
# yarn lockfile v1


react-useinterval@^1.0.1:
  version "1.0.1"
  resolved "https://registry.yarnpkg.com/react-useinterval/-/react-useinterval-1.0.1.tgz#4bb90349d18b0fc04d6567edacf476d515b5cf49"
  integrity sha512-+UxgKd7p7D3cBS6/o2uwBStsFcoKIagRdN21so/ud1k1e6r4WDCHsSjY36aT3n6WvVgpZPk3JtbN4IFfxt69Pg==
